
Microsoft Visual Studio Solution File, Format Version 12.00
# Visual Studio Version 17
VisualStudioVersion = 17.5.33516.290
MinimumVisualStudioVersion = 10.0.40219.1
Project("{9A19103F-16F7-4668-BE54-9A1E7A4F7556}") = "AvancadoFinal", "AvancadoFinal\AvancadoFinal.csproj", "{4CAAD534-5C29-4425-9705-154B28A7B5EF}"
EndProject
Project("{FAE04EC0-301F-11D3-BF4B-00C04F79EFBC}") = "BLL", "BLL\BLL.csproj", "{0DC0E057-7E11-477C-AB0F-5E60E8577318}"
EndProject
Project("{FAE04EC0-301F-11D3-BF4B-00C04F79EFBC}") = "DAL", "DAL\DAL.csproj", "{23A3748F-13D7-46F9-AA9B-7AA58CF39E02}"
EndProject
Global
	GlobalSection(SolutionConfigurationPlatforms) = preSolution
		Debug|Any CPU = Debug|Any CPU
		Release|Any CPU = Release|Any CPU
	EndGlobalSection
	GlobalSection(ProjectConfigurationPlatforms) = postSolution
		{4CAAD534-5C29-4425-9705-154B28A7B5EF}.Debug|Any CPU.ActiveCfg = Debug|Any CPU
		{4CAAD534-5C29-4425-9705-154B28A7B5EF}.Debug|Any CPU.Build.0 = Debug|Any CPU
		{4CAAD534-5C29-4425-9705-154B28A7B5EF}.Release|Any CPU.ActiveCfg = Release|Any CPU
		{4CAAD534-5C29-4425-9705-154B28A7B5EF}.Release|Any CPU.Build.0 = Release|Any CPU
		{0DC0E057-7E11-477C-AB0F-5E60E8577318}.Debug|Any CPU.ActiveCfg = Debug|Any CPU
		{0DC0E057-7E11-477C-AB0F-5E60E8577318}.Debug|Any CPU.Build.0 = Debug|Any CPU
		{0DC0E057-7E11-477C-AB0F-5E60E8577318}.Release|Any CPU.ActiveCfg = Release|Any CPU
		{0DC0E057-7E11-477C-AB0F-5E60E8577318}.Release|Any CPU.Build.0 = Release|Any CPU
		{23A3748F-13D7-46F9-AA9B-7AA58CF39E02}.Debug|Any CPU.ActiveCfg = Debug|Any CPU
		{23A3748F-13D7-46F9-AA9B-7AA58CF39E02}.Debug|Any CPU.Build.0 = Debug|Any CPU
		{23A3748F-13D7-46F9-AA9B-7AA58CF39E02}.Release|Any CPU.ActiveCfg = Release|Any CPU
		{23A3748F-13D7-46F9-AA9B-7AA58CF39E02}.Release|Any CPU.Build.0 = Release|Any CPU
	EndGlobalSection
	GlobalSection(SolutionProperties) = preSolution
		HideSolutionNode = FALSE
	EndGlobalSection
	GlobalSection(ExtensibilityGlobals) = postSolution
		SolutionGuid = {EE8161E2-6E25-49A6-AC43-293F1BA0F9A0}
	EndGlobalSection
EndGlobal
